PODS:
  - FBSnapshotTestCase (2.1.4):
    - FBSnapshotTestCase/SwiftSupport (= 2.1.4)
  - FBSnapshotTestCase/Core (2.1.4)
  - FBSnapshotTestCase/SwiftSupport (2.1.4):
    - FBSnapshotTestCase/Core
  - Kiwi (3.0.0)
  - TestProject (0.1.5)

DEPENDENCIES:
  - FBSnapshotTestCase
  - Kiwi
  - TestProject (from `../`)

SPEC REPOS:
  trunk:
    - FBSnapshotTestCase
    - Kiwi

EXTERNAL SOURCES:
  TestProject:
    :path: "../"

SPEC CHECKSUMS:
  FBSnapshotTestCase: 094f9f314decbabe373b87cc339bea235a63e07a
  Kiwi: fbeafef0f00e4d8f7dcb3420a4930afe70af77f7
  TestProject: 29a0542a185ec78db2b510158e5ec590ab8a8c1c

PODFILE CHECKSUM: c9d4c80c02fc4348ac2c6a47a3d8264c9d6b4edd

COCOAPODS: 1.10.1
